
Microsoft Visual Studio Solution File, Format Version 12.00
# Visual Studio 15
VisualStudioVersion = 15.0.27130.2027
MinimumVisualStudioVersion = 10.0.40219.1
Project("{FAE04EC0-301F-11D3-BF4B-00C04F79EFBC}") = "CharacterSheet", "CharacterSheet\CharacterSheet.csproj", "{07F68B76-06DB-4241-B3B9-6830ABDAFAC7}"
EndProject
Global
	GlobalSection(SolutionConfigurationPlatforms) = preSolution
		Debug|Any CPU = Debug|Any CPU
		Release|Any CPU = Release|Any CPU
	EndGlobalSection
	GlobalSection(ProjectConfigurationPlatforms) = postSolution
		{07F68B76-06DB-4241-B3B9-6830ABDAFAC7}.Debug|Any CPU.ActiveCfg = Debug|Any CPU
		{07F68B76-06DB-4241-B3B9-6830ABDAFAC7}.Debug|Any CPU.Build.0 = Debug|Any CPU
		{07F68B76-06DB-4241-B3B9-6830ABDAFAC7}.Release|Any CPU.ActiveCfg = Release|Any CPU
		{07F68B76-06DB-4241-B3B9-6830ABDAFAC7}.Release|Any CPU.Build.0 = Release|Any CPU
	EndGlobalSection
	GlobalSection(SolutionProperties) = preSolution
		HideSolutionNode = FALSE
	EndGlobalSection
	GlobalSection(ExtensibilityGlobals) = postSolution
		SolutionGuid = {16DB9389-5728-4E70-AF10-51DE4B62B0EE}
	EndGlobalSection
EndGlobal
